
Microsoft Visual Studio Solution File, Format Version 12.00
# Visual Studio Version 16
VisualStudioVersion = 16.0.28803.452
MinimumVisualStudioVersion = 10.0.40219.1
Project("{FAE04EC0-301F-11D3-BF4B-00C04F79EFBC}") = "Week06.Cts", "Week06.Cts\Week06.Cts.csproj", "{21A8591A-A0CF-430F-95A7-8B2A8E5CB72A}"
EndProject
Global
	GlobalSection(SolutionConfigurationPlatforms) = preSolution
		Debug|Any CPU = Debug|Any CPU
		Release|Any CPU = Release|Any CPU
	EndGlobalSection
	GlobalSection(ProjectConfigurationPlatforms) = postSolution
		{21A8591A-A0CF-430F-95A7-8B2A8E5CB72A}.Debug|Any CPU.ActiveCfg = Debug|Any CPU
		{21A8591A-A0CF-430F-95A7-8B2A8E5CB72A}.Debug|Any CPU.Build.0 = Debug|Any CPU
		{21A8591A-A0CF-430F-95A7-8B2A8E5CB72A}.Release|Any CPU.ActiveCfg = Release|Any CPU
		{21A8591A-A0CF-430F-95A7-8B2A8E5CB72A}.Release|Any CPU.Build.0 = Release|Any CPU
	EndGlobalSection
	GlobalSection(SolutionProperties) = preSolution
		HideSolutionNode = FALSE
	EndGlobalSection
	GlobalSection(ExtensibilityGlobals) = postSolution
		SolutionGuid = {F359760D-49C6-43F1-B3A5-B81E00D65435}
	EndGlobalSection
EndGlobal
